
Microsoft Visual Studio Solution File, Format Version 12.00
# Visual Studio 2013
VisualStudioVersion = 12.0.30723.0
MinimumVisualStudioVersion = 10.0.40219.1
Project("{FAE04EC0-301F-11D3-BF4B-00C04F79EFBC}") = "SystemDot.EventSourcing.Synchronisation.Testing", "SystemDot.EventSourcing.Synchronisation.Testing.csproj", "{0C2DFC27-3E6B-41D4-9199-A83A6C0D0348}"
EndProject
Project("{2150E333-8FDC-42A3-9474-1A3956D46DE8}") = ".nuget", ".nuget", "{0716F038-5C84-43D2-BD4D-4CC15C929C99}"
	ProjectSection(SolutionItems) = preProject
		.nuget\NuGet.Config = .nuget\NuGet.Config
		.nuget\NuGet.exe = .nuget\NuGet.exe
		.nuget\NuGet.targets = .nuget\NuGet.targets
	EndProjectSection
EndProject
Project("{2150E333-8FDC-42A3-9474-1A3956D46DE8}") = "Solution Items", "Solution Items", "{9A039735-1E51-4C88-8A64-BAF5793F62B1}"
	ProjectSection(SolutionItems) = preProject
		SystemDotEventSourcingSynchronisationTesting.nuspec = SystemDotEventSourcingSynchronisationTesting.nuspec
	EndProjectSection
EndProject
Global
	GlobalSection(SolutionConfigurationPlatforms) = preSolution
		Debug|Any CPU = Debug|Any CPU
		Release|Any CPU = Release|Any CPU
	EndGlobalSection
	GlobalSection(ProjectConfigurationPlatforms) = postSolution
		{0C2DFC27-3E6B-41D4-9199-A83A6C0D0348}.Debug|Any CPU.ActiveCfg = Debug|Any CPU
		{0C2DFC27-3E6B-41D4-9199-A83A6C0D0348}.Debug|Any CPU.Build.0 = Debug|Any CPU
		{0C2DFC27-3E6B-41D4-9199-A83A6C0D0348}.Release|Any CPU.ActiveCfg = Release|Any CPU
		{0C2DFC27-3E6B-41D4-9199-A83A6C0D0348}.Release|Any CPU.Build.0 = Release|Any CPU
	EndGlobalSection
	GlobalSection(SolutionProperties) = preSolution
		HideSolutionNode = FALSE
	EndGlobalSection
EndGlobal
