
Microsoft Visual Studio Solution File, Format Version 12.00
# Visual Studio 2013
VisualStudioVersion = 12.0.30723.0
MinimumVisualStudioVersion = 10.0.40219.1
Project("{FAE04EC0-301F-11D3-BF4B-00C04F79EFBC}") = "SystemDot.EventSourcing", "SystemDot.EventSourcing\SystemDot.EventSourcing.csproj", "{44526A4F-ABB1-47D4-99A6-3ADF373E09B2}"
EndProject
Project("{2150E333-8FDC-42A3-9474-1A3956D46DE8}") = ".nuget", ".nuget", "{A4BCD6F7-D67C-4D20-AF54-343D9D660E61}"
	ProjectSection(SolutionItems) = preProject
		.nuget\NuGet.Config = .nuget\NuGet.Config
		.nuget\NuGet.exe = .nuget\NuGet.exe
		.nuget\NuGet.targets = .nuget\NuGet.targets
	EndProjectSection
EndProject
Project("{FAE04EC0-301F-11D3-BF4B-00C04F79EFBC}") = "SystemDot.EventSourcing.InMemory", "SystemDot.EventSourcing.InMemory\SystemDot.EventSourcing.InMemory.csproj", "{3A6B60DD-76F9-4B48-932A-69E9F219CA6E}"
EndProject
Project("{FAE04EC0-301F-11D3-BF4B-00C04F79EFBC}") = "SystemDot.EventSourcing.Specifications", "SystemDot.EventSourcing.Specifications\SystemDot.EventSourcing.Specifications.csproj", "{222E0EC1-3438-46E3-B5E4-BB5316C8BFB6}"
EndProject
Project("{2150E333-8FDC-42A3-9474-1A3956D46DE8}") = "Solution Items", "Solution Items", "{B424F717-1DAB-41C2-84B5-6D67F8A89555}"
	ProjectSection(SolutionItems) = preProject
		SystemDotEventSourcing.nuspec = SystemDotEventSourcing.nuspec
	EndProjectSection
EndProject
Global
	GlobalSection(SolutionConfigurationPlatforms) = preSolution
		Debug|Any CPU = Debug|Any CPU
		Release|Any CPU = Release|Any CPU
	EndGlobalSection
	GlobalSection(ProjectConfigurationPlatforms) = postSolution
		{44526A4F-ABB1-47D4-99A6-3ADF373E09B2}.Debug|Any CPU.ActiveCfg = Debug|Any CPU
		{44526A4F-ABB1-47D4-99A6-3ADF373E09B2}.Debug|Any CPU.Build.0 = Debug|Any CPU
		{44526A4F-ABB1-47D4-99A6-3ADF373E09B2}.Release|Any CPU.ActiveCfg = Release|Any CPU
		{44526A4F-ABB1-47D4-99A6-3ADF373E09B2}.Release|Any CPU.Build.0 = Release|Any CPU
		{3A6B60DD-76F9-4B48-932A-69E9F219CA6E}.Debug|Any CPU.ActiveCfg = Debug|Any CPU
		{3A6B60DD-76F9-4B48-932A-69E9F219CA6E}.Debug|Any CPU.Build.0 = Debug|Any CPU
		{3A6B60DD-76F9-4B48-932A-69E9F219CA6E}.Release|Any CPU.ActiveCfg = Release|Any CPU
		{3A6B60DD-76F9-4B48-932A-69E9F219CA6E}.Release|Any CPU.Build.0 = Release|Any CPU
		{222E0EC1-3438-46E3-B5E4-BB5316C8BFB6}.Debug|Any CPU.ActiveCfg = Debug|Any CPU
		{222E0EC1-3438-46E3-B5E4-BB5316C8BFB6}.Debug|Any CPU.Build.0 = Debug|Any CPU
		{222E0EC1-3438-46E3-B5E4-BB5316C8BFB6}.Release|Any CPU.ActiveCfg = Release|Any CPU
		{222E0EC1-3438-46E3-B5E4-BB5316C8BFB6}.Release|Any CPU.Build.0 = Release|Any CPU
	EndGlobalSection
	GlobalSection(SolutionProperties) = preSolution
		HideSolutionNode = FALSE
	EndGlobalSection
EndGlobal
