
Microsoft Visual Studio Solution File, Format Version 12.00
# Visual Studio 2013
VisualStudioVersion = 12.0.31101.0
MinimumVisualStudioVersion = 10.0.40219.1
Project("{FAE04EC0-301F-11D3-BF4B-00C04F79EFBC}") = "TestSqlliteEventStore", "TestSqlliteEventStore\TestSqlliteEventStore.csproj", "{4450EF84-9E0C-4551-8A06-285516F0465A}"
EndProject
Project("{2150E333-8FDC-42A3-9474-1A3956D46DE8}") = ".nuget", ".nuget", "{C705DD57-8D43-4A33-A77F-8486E80D8000}"
	ProjectSection(SolutionItems) = preProject
		.nuget\NuGet.Config = .nuget\NuGet.Config
		.nuget\NuGet.exe = .nuget\NuGet.exe
		.nuget\NuGet.targets = .nuget\NuGet.targets
	EndProjectSection
EndProject
Global
	GlobalSection(SolutionConfigurationPlatforms) = preSolution
		Debug|Any CPU = Debug|Any CPU
		Release|Any CPU = Release|Any CPU
	EndGlobalSection
	GlobalSection(ProjectConfigurationPlatforms) = postSolution
		{4450EF84-9E0C-4551-8A06-285516F0465A}.Debug|Any CPU.ActiveCfg = Debug|Any CPU
		{4450EF84-9E0C-4551-8A06-285516F0465A}.Debug|Any CPU.Build.0 = Debug|Any CPU
		{4450EF84-9E0C-4551-8A06-285516F0465A}.Debug|Any CPU.Deploy.0 = Debug|Any CPU
		{4450EF84-9E0C-4551-8A06-285516F0465A}.Release|Any CPU.ActiveCfg = Release|Any CPU
		{4450EF84-9E0C-4551-8A06-285516F0465A}.Release|Any CPU.Build.0 = Release|Any CPU
		{4450EF84-9E0C-4551-8A06-285516F0465A}.Release|Any CPU.Deploy.0 = Release|Any CPU
	EndGlobalSection
	GlobalSection(SolutionProperties) = preSolution
		HideSolutionNode = FALSE
	EndGlobalSection
EndGlobal
